{
  "nodes": {
    "flake-parts": {
      "inputs": {
        "nixpkgs-lib": "nixpkgs-lib"
      },
      "locked": {
        "lastModified": 1778716662,
        "narHash": "sha256-m1Yf0wZ8j1OHjTc2UwHwyQRSnNeSgLJOd7q5Y45hzi4=",
        "owner": "hercules-ci",
        "repo": "flake-parts",
        "rev": "f7c1a2d347e4c52d5fb8d10cb4d94b5884e546fb",
        "type": "github"
      },
      "original": {
        "owner": "hercules-ci",
        "repo": "flake-parts",
        "type": "github"
      }
    },
    "nixpkgs": {
      "locked": {
        "lastModified": 1782535326,
        "narHash": "sha256-ZeRxu4yn6shd3SNF5ZUQb4r7BaVo1zBKMjRhfoNSBmw=",
        "owner": "nixos",
        "repo": "nixpkgs",
        "rev": "714a5f8c4ead6b31148d829288440ed033ccc041",
        "type": "github"
      },
      "original": {
        "owner": "nixos",
        "ref": "nixos-26.05",
        "repo": "nixpkgs",
        "type": "github"
      }
    },
    "nixpkgs-lib": {
      "locked": {
        "lastModified": 1777168982,
        "narHash": "sha256-GOkGPcboWE9BmGCRMLX3worL4EMnsnG8MyKmXNeYuhQ=",
        "owner": "nix-community",
        "repo": "nixpkgs.lib",
        "rev": "f5901329dade4a6ea039af1433fb087bd9c1fe14",
        "type": "github"
      },
      "original": {
        "owner": "nix-community",
        "repo": "nixpkgs.lib",
        "type": "github"
      }
    },
    "root": {
      "inputs": {
        "flake-parts": [
          "superbol-overlay",
          "flake-parts"
        ],
        "nixpkgs": [
          "superbol-overlay",
          "nixpkgs"
        ],
        "superbol-overlay": "superbol-overlay"
      }
    },
    "superbol-overlay": {
      "inputs": {
        "flake-parts": "flake-parts",
        "nixpkgs": "nixpkgs"
      },
      "locked": {
        "lastModified": 1784639247,
        "narHash": "sha256-8xl6kNkyfwM/WQRiKI4O74YxTxTgE8CG8VHFY+VXA7E=",
        "ref": "refs/heads/master",
        "rev": "b6c9e0b43eb29fa734a6ea02d7beb66a077b4b72",
        "revCount": 25,
        "type": "git",
        "url": "ssh://git@gitlab.ocamlpro.com:30022/pierre.villemot/superbol-overlay.git"
      },
      "original": {
        "type": "git",
        "url": "ssh://git@gitlab.ocamlpro.com:30022/pierre.villemot/superbol-overlay.git"
      }
    }
  },
  "root": "root",
  "version": 7
}
